
Microsoft Visual Studio Solution File, Format Version 12.00
# Visual Studio Version 16
VisualStudioVersion = 16.0.31424.327
MinimumVisualStudioVersion = 10.0.40219.1
Project("{FAE04EC0-301F-11D3-BF4B-00C04F79EFBC}") = "EligabilityChecker", "EligabilityChecker\EligabilityChecker.csproj", "{ACAF198B-797A-476E-AEC1-BAD62AA27CF7}"
EndProject
Global
	GlobalSection(SolutionConfigurationPlatforms) = preSolution
		Debug|Any CPU = Debug|Any CPU
		Release|Any CPU = Release|Any CPU
	EndGlobalSection
	GlobalSection(ProjectConfigurationPlatforms) = postSolution
		{ACAF198B-797A-476E-AEC1-BAD62AA27CF7}.Debug|Any CPU.ActiveCfg = Debug|Any CPU
		{ACAF198B-797A-476E-AEC1-BAD62AA27CF7}.Debug|Any CPU.Build.0 = Debug|Any CPU
		{ACAF198B-797A-476E-AEC1-BAD62AA27CF7}.Release|Any CPU.ActiveCfg = Release|Any CPU
		{ACAF198B-797A-476E-AEC1-BAD62AA27CF7}.Release|Any CPU.Build.0 = Release|Any CPU
	EndGlobalSection
	GlobalSection(SolutionProperties) = preSolution
		HideSolutionNode = FALSE
	EndGlobalSection
	GlobalSection(ExtensibilityGlobals) = postSolution
		SolutionGuid = {B0B673BA-2078-4289-8854-388C225CF017}
	EndGlobalSection
EndGlobal
